// !$*UTF8*$!
{
	archiveVersion = 1;
	classes = {
	};
	objectVersion = 50;
	objects = {

/* Begin PBXBuildFile section */
		B2B5E3D120EF133800F8691D /* AppDelegate.swift in Sources */ = {isa = PBXBuildFile; fileRef = B2B5E3D020EF133800F8691D /* AppDelegate.swift */; };
		B2B5E3D320EF133800F8691D /* ViewController.swift in Sources */ = {isa = PBXBuildFile; fileRef = B2B5E3D220EF133800F8691D /* ViewController.swift */; };
		B2B5E3D620EF133800F8691D /* Main.storyboard in Resources */ = {isa = PBXBuildFile; fileRef = B2B5E3D420EF133800F8691D /* Main.storyboard */; };
		B2B5E3D820EF133900F8691D /* Assets.xcassets in Resources */ = {isa = PBXBuildFile; fileRef = B2B5E3D720EF133900F8691D /* Assets.xcassets */; };
		B2B5E3DB20EF133900F8691D /* LaunchScreen.storyboard in Resources */ = {isa = PBXBuildFile; fileRef = B2B5E3D920EF133900F8691D /* LaunchScreen.storyboard */; };
		B2B5E3E620EF133900F8691D /* RandomNumberTests.swift in Sources */ = {isa = PBXBuildFile; fileRef = B2B5E3E520EF133900F8691D /* RandomNumberTests.swift */; };
		B2B5E3F120EF133900F8691D /* RandomNumberUITests.swift in Sources */ = {isa = PBXBuildFile; fileRef = B2B5E3F020EF133900F8691D /* RandomNumberUITests.swift */; };
/* End PBXBuildFile section */

/* Begin PBXContainerItemProxy section */
		B2B5E3E220EF133900F8691D /* PBXContainerItemProxy */ = {
			isa = PBXContainerItemProxy;
			containerPortal = B2B5E3C520EF133800F8691D /* Project object */;
			proxyType = 1;
			remoteGlobalIDString = B2B5E3CC20EF133800F8691D;
			remoteInfo = RandomNumber;
		};
		B2B5E3ED20EF133900F8691D /* PBXContainerItemProxy */ = {
			isa = PBXContainerItemProxy;
			containerPortal = B2B5E3C520EF133800F8691D /* Project object */;
			proxyType = 1;
			remoteGlobalIDString = B2B5E3CC20EF133800F8691D;
			remoteInfo = RandomNumber;
		};
/* End PBXContainerItemProxy section */

/* Begin PBXFileReference section */
		B2B5E3CD20EF133800F8691D /* RandomNumber.app */ = {isa = PBXFileReference; explicitFileType = wrapper.application; includeInIndex = 0; path = RandomNumber.app; sourceTree = BUILT_PRODUCTS_DIR; };
		B2B5E3D020EF133800F8691D /* AppDelegate.swift */ = {isa = PBXFileReference; lastKnownFileType = sourcecode.swift; path = AppDelegate.swift; sourceTree = "<group>"; };
		B2B5E3D220EF133800F8691D /* ViewController.swift */ = {isa = PBXFileReference; lastKnownFileType = sourcecode.swift; path = ViewController.swift; sourceTree = "<group>"; };
		B2B5E3D520EF133800F8691D /* Base */ = {isa = PBXFileReference; lastKnownFileType = file.storyboard; name = Base; path = Base.lproj/Main.storyboard; sourceTree = "<group>"; };
		B2B5E3D720EF133900F8691D /* Assets.xcassets */ = {isa = PBXFileReference; lastKnownFileType = folder.assetcatalog; path = Assets.xcassets; sourceTree = "<group>"; };
		B2B5E3DA20EF133900F8691D /* Base */ = {isa = PBXFileReference; lastKnownFileType = file.storyboard; name = Base; path = Base.lproj/LaunchScreen.storyboard; sourceTree = "<group>"; };
		B2B5E3DC20EF133900F8691D /* Info.plist */ = {isa = PBXFileReference; lastKnownFileType = text.plist.xml; path = Info.plist; sourceTree = "<group>"; };
		B2B5E3E120EF133900F8691D /* RandomNumberTests.xctest */ = {isa = PBXFileReference; explicitFileType = wrapper.cfbundle; includeInIndex = 0; path = RandomNumberTests.xctest; sourceTree = BUILT_PRODUCTS_DIR; };
		B2B5E3E520EF133900F8691D /* RandomNumberTests.swift */ = {isa = PBXFileReference; lastKnownFileType = sourcecode.swift; path = RandomNumberTests.swift; sourceTree = "<group>"; };
		B2B5E3E720EF133900F8691D /* Info.plist */ = {isa = PBXFileReference; lastKnownFileType = text.plist.xml; path = Info.plist; sourceTree = "<group>"; };
		B2B5E3EC20EF133900F8691D /* RandomNumberUITests.xctest */ = {isa = PBXFileReference; explicitFileType = wrapper.cfbundle; includeInIndex = 0; path = RandomNumberUITests.xctest; sourceTree = BUILT_PRODUCTS_DIR; };
		B2B5E3F020EF133900F8691D /* RandomNumberUITests.swift */ = {isa = PBXFileReference; lastKnownFileType = sourcecode.swift; path = RandomNumberUITests.swift; sourceTree = "<group>"; };
		B2B5E3F220EF133900F8691D /* Info.plist */ = {isa = PBXFileReference; lastKnownFileType = text.plist.xml; path = Info.plist; sourceTree = "<group>"; };
/* End PBXFileReference section */

/* Begin PBXFrameworksBuildPhase section */
		B2B5E3CA20EF133800F8691D /* Frameworks */ = {
			isa = PBXFrameworksBuildPhase;
			buildActionMask = 2147483647;
			files = (
			);
			runOnlyForDeploymentPostprocessing = 0;
		};
		B2B5E3DE20EF133900F8691D /* Frameworks */ = {
			isa = PBXFrameworksBuildPhase;
			buildActionMask = 2147483647;
			files = (
			);
			runOnlyForDeploymentPostprocessing = 0;
		};
		B2B5E3E920EF133900F8691D /* Frameworks */ = {
			isa = PBXFrameworksBuildPhase;
			buildActionMask = 2147483647;
			files = (
			);
			runOnlyForDeploymentPostprocessing = 0;
		};
/* End PBXFrameworksBuildPhase section */

/* Begin PBXGroup section */
		B2B5E3C420EF133800F8691D = {
			isa = PBXGroup;
			children = (
				B2B5E3CF20EF133800F8691D /* RandomNumber */,
				B2B5E3E420EF133900F8691D /* RandomNumberTests */,
				B2B5E3EF20EF133900F8691D /* RandomNumberUITests */,
				B2B5E3CE20EF133800F8691D /* Products */,
			);
			sourceTree = "<group>";
		};
		B2B5E3CE20EF133800F8691D /* Products */ = {
			isa = PBXGroup;
			children = (
				B2B5E3CD20EF133800F8691D /* RandomNumber.app */,
				B2B5E3E120EF133900F8691D /* RandomNumberTests.xctest */,
				B2B5E3EC20EF133900F8691D /* RandomNumberUITests.xctest */,
			);
			name = Products;
			sourceTree = "<group>";
		};
		B2B5E3CF20EF133800F8691D /* RandomNumber */ = {
			isa = PBXGroup;
			children = (
				B2B5E3D020EF133800F8691D /* AppDelegate.swift */,
				B2B5E3D220EF133800F8691D /* ViewController.swift */,
				B2B5E3D420EF133800F8691D /* Main.storyboard */,
				B2B5E3D720EF133900F8691D /* Assets.xcassets */,
				B2B5E3D920EF133900F8691D /* LaunchScreen.storyboard */,
				B2B5E3DC20EF133900F8691D /* Info.plist */,
			);
			path = RandomNumber;
			sourceTree = "<group>";
		};
		B2B5E3E420EF133900F8691D /* RandomNumberTests */ = {
			isa = PBXGroup;
			children = (
				B2B5E3E520EF133900F8691D /* RandomNumberTests.swift */,
				B2B5E3E720EF133900F8691D /* Info.plist */,
			);
			path = RandomNumberTests;
			sourceTree = "<group>";
		};
		B2B5E3EF20EF133900F8691D /* RandomNumberUITests */ = {
			isa = PBXGroup;
			children = (
				B2B5E3F020EF133900F8691D /* RandomNumberUITests.swift */,
				B2B5E3F220EF133900F8691D /* Info.plist */,
			);
			path = RandomNumberUITests;
			sourceTree = "<group>";
		};
/* End PBXGroup section */

/* Begin PBXNativeTarget section */
		B2B5E3CC20EF133800F8691D /* RandomNumber */ = {
			isa = PBXNativeTarget;
			buildConfigurationList = B2B5E3F520EF133900F8691D /* Build configuration list for PBXNativeTarget "RandomNumber" */;
			buildPhases = (
				B2B5E3C920EF133800F8691D /* Sources */,
				B2B5E3CA20EF133800F8691D /* Frameworks */,
				B2B5E3CB20EF133800F8691D /* Resources */,
			);
			buildRules = (
			);
			dependencies = (
			);
			name = RandomNumber;
			productName = RandomNumber;
			productReference = B2B5E3CD20EF133800F8691D /* RandomNumber.app */;
			productType = "com.apple.product-type.application";
		};
		B2B5E3E020EF133900F8691D /* RandomNumberTests */ = {
			isa = PBXNativeTarget;
			buildConfigurationList = B2B5E3F820EF133900F8691D /* Build configuration list for PBXNativeTarget "RandomNumberTests" */;
			buildPhases = (
				B2B5E3DD20EF133900F8691D /* Sources */,
				B2B5E3DE20EF133900F8691D /* Frameworks */,
				B2B5E3DF20EF133900F8691D /* Resources */,
			);
			buildRules = (
			);
			dependencies = (
				B2B5E3E320EF133900F8691D /* PBXTargetDependency */,
			);
			name = RandomNumberTests;
			productName = RandomNumberTests;
			productReference = B2B5E3E120EF133900F8691D /* RandomNumberTests.xctest */;
			productType = "com.apple.product-type.bundle.unit-test";
		};
		B2B5E3EB20EF133900F8691D /* RandomNumberUITests */ = {
			isa = PBXNativeTarget;
			buildConfigurationList = B2B5E3FB20EF133900F8691D /* Build configuration list for PBXNativeTarget "RandomNumberUITests" */;
			buildPhases = (
				B2B5E3E820EF133900F8691D /* Sources */,
				B2B5E3E920EF133900F8691D /* Frameworks */,
				B2B5E3EA20EF133900F8691D /* Resources */,
			);
			buildRules = (
			);
			dependencies = (
				B2B5E3EE20EF133900F8691D /* PBXTargetDependency */,
			);
			name = RandomNumberUITests;
			productName = RandomNumberUITests;
			productReference = B2B5E3EC20EF133900F8691D /* RandomNumberUITests.xctest */;
			productType = "com.apple.product-type.bundle.ui-testing";
		};
/* End PBXNativeTarget section */

/* Begin PBXProject section */
		B2B5E3C520EF133800F8691D /* Project object */ = {
			isa = PBXProject;
			attributes = {
				LastSwiftUpdateCheck = 0940;
				LastUpgradeCheck = 0940;
				ORGANIZATIONNAME = "Sirichai Binchai";
				TargetAttributes = {
					B2B5E3CC20EF133800F8691D = {
						CreatedOnToolsVersion = 9.4;
					};
					B2B5E3E020EF133900F8691D = {
						CreatedOnToolsVersion = 9.4;
						TestTargetID = B2B5E3CC20EF133800F8691D;
					};
					B2B5E3EB20EF133900F8691D = {
						CreatedOnToolsVersion = 9.4;
						TestTargetID = B2B5E3CC20EF133800F8691D;
					};
				};
			};
			buildConfigurationList = B2B5E3C820EF133800F8691D /* Build configuration list for PBXProject "RandomNumber" */;
			compatibilityVersion = "Xcode 9.3";
			developmentRegion = en;
			hasScannedForEncodings = 0;
			knownRegions = (
				en,
				Base,
			);
			mainGroup = B2B5E3C420EF133800F8691D;
			productRefGroup = B2B5E3CE20EF133800F8691D /* Products */;
			projectDirPath = "";
			projectRoot = "";
			targets = (
				B2B5E3CC20EF133800F8691D /* RandomNumber */,
				B2B5E3E020EF133900F8691D /* RandomNumberTests */,
				B2B5E3EB20EF133900F8691D /* RandomNumberUITests */,
			);
		};
/* End PBXProject section */

/* Begin PBXResourcesBuildPhase section */
		B2B5E3CB20EF133800F8691D /* Resources */ = {
			isa = PBXResourcesBuildPhase;
			buildActionMask = 2147483647;
			files = (
				B2B5E3DB20EF133900F8691D /* LaunchScreen.storyboard in Resources */,
				B2B5E3D820EF133900F8691D /* Assets.xcassets in Resources */,
				B2B5E3D620EF133800F8691D /* Main.storyboard in Resources */,
			);
			runOnlyForDeploymentPostprocessing = 0;
		};
		B2B5E3DF20EF133900F8691D /* Resources */ = {
			isa = PBXResourcesBuildPhase;
			buildActionMask = 2147483647;
			files = (
			);
			runOnlyForDeploymentPostprocessing = 0;
		};
		B2B5E3EA20EF133900F8691D /* Resources */ = {
			isa = PBXResourcesBuildPhase;
			buildActionMask = 2147483647;
			files = (
			);
			runOnlyForDeploymentPostprocessing = 0;
		};
/* End PBXResourcesBuildPhase section */

/* Begin PBXSourcesBuildPhase section */
		B2B5E3C920EF133800F8691D /* Sources */ = {
			isa = PBXSourcesBuildPhase;
			buildActionMask = 2147483647;
			files = (
				B2B5E3D320EF133800F8691D /* ViewController.swift in Sources */,
				B2B5E3D120EF133800F8691D /* AppDelegate.swift in Sources */,
			);
			runOnlyForDeploymentPostprocessing = 0;
		};
		B2B5E3DD20EF133900F8691D /* Sources */ = {
			isa = PBXSourcesBuildPhase;
			buildActionMask = 2147483647;
			files = (
				B2B5E3E620EF133900F8691D /* RandomNumberTests.swift in Sources */,
			);
			runOnlyForDeploymentPostprocessing = 0;
		};
		B2B5E3E820EF133900F8691D /* Sources */ = {
			isa = PBXSourcesBuildPhase;
			buildActionMask = 2147483647;
			files = (
				B2B5E3F120EF133900F8691D /* RandomNumberUITests.swift in Sources */,
			);
			runOnlyForDeploymentPostprocessing = 0;
		};
/* End PBXSourcesBuildPhase section */

/* Begin PBXTargetDependency section */
		B2B5E3E320EF133900F8691D /* PBXTargetDependency */ = {
			isa = PBXTargetDependency;
			target = B2B5E3CC20EF133800F8691D /* RandomNumber */;
			targetProxy = B2B5E3E220EF133900F8691D /* PBXContainerItemProxy */;
		};
		B2B5E3EE20EF133900F8691D /* PBXTargetDependency */ = {
			isa = PBXTargetDependency;
			target = B2B5E3CC20EF133800F8691D /* RandomNumber */;
			targetProxy = B2B5E3ED20EF133900F8691D /* PBXContainerItemProxy */;
		};
/* End PBXTargetDependency section */

/* Begin PBXVariantGroup section */
		B2B5E3D420EF133800F8691D /* Main.storyboard */ = {
			isa = PBXVariantGroup;
			children = (
				B2B5E3D520EF133800F8691D /* Base */,
			);
			name = Main.storyboard;
			sourceTree = "<group>";
		};
		B2B5E3D920EF133900F8691D /* LaunchScreen.storyboard */ = {
			isa = PBXVariantGroup;
			children = (
				B2B5E3DA20EF133900F8691D /* Base */,
			);
			name = LaunchScreen.storyboard;
			sourceTree = "<group>";
		};
/* End PBXVariantGroup section */

/* Begin XCBuildConfiguration section */
		B2B5E3F320EF133900F8691D /* Debug */ = {
			isa = XCBuildConfiguration;
			buildSettings = {
				ALWAYS_SEARCH_USER_PATHS = NO;
				CLANG_ANALYZER_NONNULL = YES;
				CLANG_ANALYZER_NUMBER_OBJECT_CONVERSION = YES_AGGRESSIVE;
				CLANG_CXX_LANGUAGE_STANDARD = "gnu++14";
				CLANG_CXX_LIBRARY = "libc++";
				CLANG_ENABLE_MODULES = YES;
				CLANG_ENABLE_OBJC_ARC = YES;
				CLANG_ENABLE_OBJC_WEAK = YES;
				CLANG_WARN_BLOCK_CAPTURE_AUTORELEASING = YES;
				CLANG_WARN_BOOL_CONVERSION = YES;
				CLANG_WARN_COMMA = YES;
				CLANG_WARN_CONSTANT_CONVERSION = YES;
				CLANG_WARN_DEPRECATED_OBJC_IMPLEMENTATIONS = YES;
				CLANG_WARN_DIRECT_OBJC_ISA_USAGE = YES_ERROR;
				CLANG_WARN_DOCUMENTATION_COMMENTS = YES;
				CLANG_WARN_EMPTY_BODY = YES;
				CLANG_WARN_ENUM_CONVERSION = YES;
				CLANG_WARN_INFINITE_RECURSION = YES;
				CLANG_WARN_INT_CONVERSION = YES;
				CLANG_WARN_NON_LITERAL_NULL_CONVERSION = YES;
				CLANG_WARN_OBJC_IMPLICIT_RETAIN_SELF = YES;
				CLANG_WARN_OBJC_LITERAL_CONVERSION = YES;
				CLANG_WARN_OBJC_ROOT_CLASS = YES_ERROR;
				CLANG_WARN_RANGE_LOOP_ANALYSIS = YES;
				CLANG_WARN_STRICT_PROTOTYPES = YES;
				CLANG_WARN_SUSPICIOUS_MOVE = YES;
				CLANG_WARN_UNGUARDED_AVAILABILITY = YES_AGGRESSIVE;
				CLANG_WARN_UNREACHABLE_CODE = YES;
				CLANG_WARN__DUPLICATE_METHOD_MATCH = YES;
				CODE_SIGN_IDENTITY = "iPhone Developer";
				COPY_PHASE_STRIP = NO;
				DEBUG_INFORMATION_FORMAT = dwarf;
				ENABLE_STRICT_OBJC_MSGSEND = YES;
				ENABLE_TESTABILITY = YES;
				GCC_C_LANGUAGE_STANDARD = gnu11;
				GCC_DYNAMIC_NO_PIC = NO;
				GCC_NO_COMMON_BLOCKS = YES;
				GCC_OPTIMIZATION_LEVEL = 0;
				GCC_PREPROCESSOR_DEFINITIONS = (
					"DEBUG=1",
					"$(inherited)",
				);
				GCC_WARN_64_TO_32_BIT_CONVERSION = YES;
				GCC_WARN_ABOUT_RETURN_TYPE = YES_ERROR;
				GCC_WARN_UNDECLARED_SELECTOR = YES;
				GCC_WARN_UNINITIALIZED_AUTOS = YES_AGGRESSIVE;
				GCC_WARN_UNUSED_FUNCTION = YES;
				GCC_WARN_UNUSED_VARIABLE = YES;
				IPHONEOS_DEPLOYMENT_TARGET = 11.4;
				MTL_ENABLE_DEBUG_INFO = YES;
				ONLY_ACTIVE_ARCH = YES;
				SDKROOT = iphoneos;
				SWIFT_ACTIVE_COMPILATION_CONDITIONS = DEBUG;
				SWIFT_OPTIMIZATION_LEVEL = "-Onone";
			};
			name = Debug;
		};
		B2B5E3F420EF133900F8691D /* Release */ = {
			isa = XCBuildConfiguration;
			buildSettings = {
				ALWAYS_SEARCH_USER_PATHS = NO;
				CLANG_ANALYZER_NONNULL = YES;
				CLANG_ANALYZER_NUMBER_OBJECT_CONVERSION = YES_AGGRESSIVE;
				CLANG_CXX_LANGUAGE_STANDARD = "gnu++14";
				CLANG_CXX_LIBRARY = "libc++";
				CLANG_ENABLE_MODULES = YES;
				CLANG_ENABLE_OBJC_ARC = YES;
				CLANG_ENABLE_OBJC_WEAK = YES;
				CLANG_WARN_BLOCK_CAPTURE_AUTORELEASING = YES;
				CLANG_WARN_BOOL_CONVERSION = YES;
				CLANG_WARN_COMMA = YES;
				CLANG_WARN_CONSTANT_CONVERSION = YES;
				CLANG_WARN_DEPRECATED_OBJC_IMPLEMENTATIONS = YES;
				CLANG_WARN_DIRECT_OBJC_ISA_USAGE = YES_ERROR;
				CLANG_WARN_DOCUMENTATION_COMMENTS = YES;
				CLANG_WARN_EMPTY_BODY = YES;
				CLANG_WARN_ENUM_CONVERSION = YES;
				CLANG_WARN_INFINITE_RECURSION = YES;
				CLANG_WARN_INT_CONVERSION = YES;
				CLANG_WARN_NON_LITERAL_NULL_CONVERSION = YES;
				CLANG_WARN_OBJC_IMPLICIT_RETAIN_SELF = YES;
				CLANG_WARN_OBJC_LITERAL_CONVERSION = YES;
				CLANG_WARN_OBJC_ROOT_CLASS = YES_ERROR;
				CLANG_WARN_RANGE_LOOP_ANALYSIS = YES;
				CLANG_WARN_STRICT_PROTOTYPES = YES;
				CLANG_WARN_SUSPICIOUS_MOVE = YES;
				CLANG_WARN_UNGUARDED_AVAILABILITY = YES_AGGRESSIVE;
				CLANG_WARN_UNREACHABLE_CODE = YES;
				CLANG_WARN__DUPLICATE_METHOD_MATCH = YES;
				CODE_SIGN_IDENTITY = "iPhone Developer";
				COPY_PHASE_STRIP = NO;
				DEBUG_INFORMATION_FORMAT = "dwarf-with-dsym";
				ENABLE_NS_ASSERTIONS = NO;
				ENABLE_STRICT_OBJC_MSGSEND = YES;
				GCC_C_LANGUAGE_STANDARD = gnu11;
				GCC_NO_COMMON_BLOCKS = YES;
				GCC_WARN_64_TO_32_BIT_CONVERSION = YES;
				GCC_WARN_ABOUT_RETURN_TYPE = YES_ERROR;
				GCC_WARN_UNDECLARED_SELECTOR = YES;
				GCC_WARN_UNINITIALIZED_AUTOS = YES_AGGRESSIVE;
				GCC_WARN_UNUSED_FUNCTION = YES;
				GCC_WARN_UNUSED_VARIABLE = YES;
				IPHONEOS_DEPLOYMENT_TARGET = 11.4;
				MTL_ENABLE_DEBUG_INFO = NO;
				SDKROOT = iphoneos;
				SWIFT_COMPILATION_MODE = wholemodule;
				SWIFT_OPTIMIZATION_LEVEL = "-O";
				VALIDATE_PRODUCT = YES;
			};
			name = Release;
		};
		B2B5E3F620EF133900F8691D /* Debug */ = {
			isa = XCBuildConfiguration;
			buildSettings = {
				ASSETCATALOG_COMPILER_APPICON_NAME = AppIcon;
				CODE_SIGN_STYLE = Automatic;
				DEVELOPMENT_TEAM = L4D9F78GB2;
				INFOPLIST_FILE = RandomNumber/Info.plist;
				LD_RUNPATH_SEARCH_PATHS = (
					"$(inherited)",
					"@executable_path/Frameworks",
				);
				PRODUCT_BUNDLE_IDENTIFIER = intersignature.RandomNumber;
				PRODUCT_NAME = "$(TARGET_NAME)";
				SWIFT_VERSION = 4.0;
				TARGETED_DEVICE_FAMILY = "1,2";
			};
			name = Debug;
		};
		B2B5E3F720EF133900F8691D /* Release */ = {
			isa = XCBuildConfiguration;
			buildSettings = {
				ASSETCATALOG_COMPILER_APPICON_NAME = AppIcon;
				CODE_SIGN_STYLE = Automatic;
				DEVELOPMENT_TEAM = L4D9F78GB2;
				INFOPLIST_FILE = RandomNumber/Info.plist;
				LD_RUNPATH_SEARCH_PATHS = (
					"$(inherited)",
					"@executable_path/Frameworks",
				);
				PRODUCT_BUNDLE_IDENTIFIER = intersignature.RandomNumber;
				PRODUCT_NAME = "$(TARGET_NAME)";
				SWIFT_VERSION = 4.0;
				TARGETED_DEVICE_FAMILY = "1,2";
			};
			name = Release;
		};
		B2B5E3F920EF133900F8691D /* Debug */ = {
			isa = XCBuildConfiguration;
			buildSettings = {
				ALWAYS_EMBED_SWIFT_STANDARD_LIBRARIES = YES;
				BUNDLE_LOADER = "$(TEST_HOST)";
				CODE_SIGN_STYLE = Automatic;
				DEVELOPMENT_TEAM = L4D9F78GB2;
				INFOPLIST_FILE = RandomNumberTests/Info.plist;
				LD_RUNPATH_SEARCH_PATHS = (
					"$(inherited)",
					"@executable_path/Frameworks",
					"@loader_path/Frameworks",
				);
				PRODUCT_BUNDLE_IDENTIFIER = intersignature.RandomNumberTests;
				PRODUCT_NAME = "$(TARGET_NAME)";
				SWIFT_VERSION = 4.0;
				TARGETED_DEVICE_FAMILY = "1,2";
				TEST_HOST = "$(BUILT_PRODUCTS_DIR)/RandomNumber.app/RandomNumber";
			};
			name = Debug;
		};
		B2B5E3FA20EF133900F8691D /* Release */ = {
			isa = XCBuildConfiguration;
			buildSettings = {
				ALWAYS_EMBED_SWIFT_STANDARD_LIBRARIES = YES;
				BUNDLE_LOADER = "$(TEST_HOST)";
				CODE_SIGN_STYLE = Automatic;
				DEVELOPMENT_TEAM = L4D9F78GB2;
				INFOPLIST_FILE = RandomNumberTests/Info.plist;
				LD_RUNPATH_SEARCH_PATHS = (
					"$(inherited)",
					"@executable_path/Frameworks",
					"@loader_path/Frameworks",
				);
				PRODUCT_BUNDLE_IDENTIFIER = intersignature.RandomNumberTests;
				PRODUCT_NAME = "$(TARGET_NAME)";
				SWIFT_VERSION = 4.0;
				TARGETED_DEVICE_FAMILY = "1,2";
				TEST_HOST = "$(BUILT_PRODUCTS_DIR)/RandomNumber.app/RandomNumber";
			};
			name = Release;
		};
		B2B5E3FC20EF133900F8691D /* Debug */ = {
			isa = XCBuildConfiguration;
			buildSettings = {
				ALWAYS_EMBED_SWIFT_STANDARD_LIBRARIES = YES;
				CODE_SIGN_STYLE = Automatic;
				DEVELOPMENT_TEAM = L4D9F78GB2;
				INFOPLIST_FILE = RandomNumberUITests/Info.plist;
				LD_RUNPATH_SEARCH_PATHS = (
					"$(inherited)",
					"@executable_path/Frameworks",
					"@loader_path/Frameworks",
				);
				PRODUCT_BUNDLE_IDENTIFIER = intersignature.RandomNumberUITests;
				PRODUCT_NAME = "$(TARGET_NAME)";
				SWIFT_VERSION = 4.0;
				TARGETED_DEVICE_FAMILY = "1,2";
				TEST_TARGET_NAME = RandomNumber;
			};
			name = Debug;
		};
		B2B5E3FD20EF133900F8691D /* Release */ = {
			isa = XCBuildConfiguration;
			buildSettings = {
				ALWAYS_EMBED_SWIFT_STANDARD_LIBRARIES = YES;
				CODE_SIGN_STYLE = Automatic;
				DEVELOPMENT_TEAM = L4D9F78GB2;
				INFOPLIST_FILE = RandomNumberUITests/Info.plist;
				LD_RUNPATH_SEARCH_PATHS = (
					"$(inherited)",
					"@executable_path/Frameworks",
					"@loader_path/Frameworks",
				);
				PRODUCT_BUNDLE_IDENTIFIER = intersignature.RandomNumberUITests;
				PRODUCT_NAME = "$(TARGET_NAME)";
				SWIFT_VERSION = 4.0;
				TARGETED_DEVICE_FAMILY = "1,2";
				TEST_TARGET_NAME = RandomNumber;
			};
			name = Release;
		};
/* End XCBuildConfiguration section */

/* Begin XCConfigurationList section */
		B2B5E3C820EF133800F8691D /* Build configuration list for PBXProject "RandomNumber" */ = {
			isa = XCConfigurationList;
			buildConfigurations = (
				B2B5E3F320EF133900F8691D /* Debug */,
				B2B5E3F420EF133900F8691D /* Release */,
			);
			defaultConfigurationIsVisible = 0;
			defaultConfigurationName = Release;
		};
		B2B5E3F520EF133900F8691D /* Build configuration list for PBXNativeTarget "RandomNumber" */ = {
			isa = XCConfigurationList;
			buildConfigurations = (
				B2B5E3F620EF133900F8691D /* Debug */,
				B2B5E3F720EF133900F8691D /* Release */,
			);
			defaultConfigurationIsVisible = 0;
			defaultConfigurationName = Release;
		};
		B2B5E3F820EF133900F8691D /* Build configuration list for PBXNativeTarget "RandomNumberTests" */ = {
			isa = XCConfigurationList;
			buildConfigurations = (
				B2B5E3F920EF133900F8691D /* Debug */,
				B2B5E3FA20EF133900F8691D /* Release */,
			);
			defaultConfigurationIsVisible = 0;
			defaultConfigurationName = Release;
		};
		B2B5E3FB20EF133900F8691D /* Build configuration list for PBXNativeTarget "RandomNumberUITests" */ = {
			isa = XCConfigurationList;
			buildConfigurations = (
				B2B5E3FC20EF133900F8691D /* Debug */,
				B2B5E3FD20EF133900F8691D /* Release */,
			);
			defaultConfigurationIsVisible = 0;
			defaultConfigurationName = Release;
		};
/* End XCConfigurationList section */
	};
	rootObject = B2B5E3C520EF133800F8691D /* Project object */;
}
